# This file is automatically @generated by Cargo.
# It is not intended for manual editing.
version = 3

[[package]]
name = "bpmn-parser"
version = "0.1.0"
dependencies = [
 "good_lp",
 "svg",
]

[[package]]
name = "coin_cbc"
version = "0.1.8"
source = "registry+https://github.com/rust-lang/crates.io-index"
checksum = "d602045cd2e7ad02608a71492af94357f493a6f3c934ce854c03bf10fddc5780"
dependencies = [
 "coin_cbc_sys",
 "lazy_static",
]

[[package]]
name = "coin_cbc_sys"
version = "0.1.2"
source = "registry+https://github.com/rust-lang/crates.io-index"
checksum = "085619f8bdc38e24e25c6336ecc3f2e6c0543d67566dff6daef0e32f7ac20f76"
dependencies = [
 "pkg-config",
]

[[package]]
name = "fnv"
version = "1.0.7"
source = "registry+https://github.com/rust-lang/crates.io-index"
checksum = "3f9eec918d3f24069decb9af1554cad7c880e2da24a9afd88aca000531ab82c1"

[[package]]
name = "good_lp"
version = "1.8.1"
source = "registry+https://github.com/rust-lang/crates.io-index"
checksum = "3198bd13dea84c76a64621d6ee8ee26a4960a9a0d538eca95ca8f1320a469ac9"
dependencies = [
 "coin_cbc",
 "fnv",
]

[[package]]
name = "lazy_static"
version = "1.5.0"
source = "registry+https://github.com/rust-lang/crates.io-index"
checksum = "bbd2bcb4c963f2ddae06a2efc7e9f3591312473c50c6685e1f298068316e66fe"

[[package]]
name = "pkg-config"
version = "0.3.31"
source = "registry+https://github.com/rust-lang/crates.io-index"
checksum = "953ec861398dccce10c670dfeaf3ec4911ca479e9c02154b3a215178c5f566f2"

[[package]]
name = "svg"
version = "0.18.0"
source = "registry+https://github.com/rust-lang/crates.io-index"
checksum = "94afda9cd163c04f6bee8b4bf2501c91548deae308373c436f36aeff3cf3c4a3"
